version = 1
revision = 3
requires-python = "==3.12.*"

[[package]]
name = "attrs"
version = "26.1.0"
source = { registry = "https://pypi.org/simple" }
sdist = { url = "https://files.pythonhosted.org/packages/9a/8e/82a0fe20a541c03148528be8cac2408564a6c9a0cc7e9171802bc1d26985/attrs-26.1.0.tar.gz", hash = "sha256:d03ceb89cb322a8fd706d4fb91940737b6642aa36998fe130a9bc96c985eff32", size = 952055, upload-time = "2026-03-19T14:22:25.026Z" }
wheels = [
    { url = "https://files.pythonhosted.org/packages/64/b4/17d4b0b2a2dc85a6df63d1157e028ed19f90d4cd97c36717afef2bc2f395/attrs-26.1.0-py3-none-any.whl", hash = "sha256:c647aa4a12dfbad9333ca4e71fe62ddc36f4e63b2d260a37a8b83d2f043ac309", size = 67548, upload-time = "2026-03-19T14:22:23.645Z" },
]

[[package]]
name = "colorama"
version = "0.4.6"
source = { registry = "https://pypi.org/simple" }
sdist = { url = "https://files.pythonhosted.org/packages/d8/53/6f443c9a4a8358a93a6792e2acffb9d9d5cb0a5cfd8802644b7b1c9a02e4/colorama-0.4.6.tar.gz", hash = "sha256:08695f5cb7ed6e0531a20572697297273c47b8cae5a63ffc6d6ed5c201be6e44", size = 27697, upload-time = "2022-10-25T02:36:22.414Z" }
wheels = [
    { url = "https://files.pythonhosted.org/packages/d1/d6/3965ed04c63042e047cb6a3e6ed1a63a35087b6a609aa3a15ed8ac56c221/colorama-0.4.6-py2.py3-none-any.whl", hash = "sha256:4f1d9991f5acc0ca119f9d443620b77f9d6b33703e51011c16baf57afb285fc6", size = 25335, upload-time = "2022-10-25T02:36:20.889Z" },
]

[[package]]
name = "et-xmlfile"
version = "2.0.0"
source = { registry = "https://pypi.org/simple" }
sdist = { url = "https://files.pythonhosted.org/packages/d3/38/af70d7ab1ae9d4da450eeec1fa3918940a5fafb9055e934af8d6eb0c2313/et_xmlfile-2.0.0.tar.gz", hash = "sha256:dab3f4764309081ce75662649be815c4c9081e88f0837825f90fd28317d4da54", size = 17234, upload-time = "2024-10-25T17:25:40.039Z" }
wheels = [
    { url = "https://files.pythonhosted.org/packages/c1/8b/5fe2cc11fee489817272089c4203e679c63b570a5aaeb18d852ae3cbba6a/et_xmlfile-2.0.0-py3-none-any.whl", hash = "sha256:7a91720bc756843502c3b7504c77b8fe44217c85c537d85037f0f536151b2caa", size = 18059, upload-time = "2024-10-25T17:25:39.051Z" },
]

[[package]]
name = "iniconfig"
version = "2.3.0"
source = { registry = "https://pypi.org/simple" }
sdist = { url = "https://files.pythonhosted.org/packages/72/34/14ca021ce8e5dfedc35312d08ba8bf51fdd999c576889fc2c24cb97f4f10/iniconfig-2.3.0.tar.gz", hash = "sha256:c76315c77db068650d49c5b56314774a7804df16fee4402c1f19d6d15d8c4730", size = 20503, upload-time = "2025-10-18T21:55:43.219Z" }
wheels = [
    { url = "https://files.pythonhosted.org/packages/cb/b1/3846dd7f199d53cb17f49cba7e651e9ce294d8497c8c150530ed11865bb8/iniconfig-2.3.0-py3-none-any.whl", hash = "sha256:f631c04d2c48c52b84d0d0549c99ff3859c98df65b3101406327ecc7d53fbf12", size = 7484, upload-time = "2025-10-18T21:55:41.639Z" },
]

[[package]]
name = "jsonschema"
version = "4.26.0"
source = { registry = "https://pypi.org/simple" }
dependencies = [
    { name = "attrs" },
    { name = "jsonschema-specifications" },
    { name = "referencing" },
    { name = "rpds-py" },
]
sdist = { url = "https://files.pythonhosted.org/packages/b3/fc/e067678238fa451312d4c62bf6e6cf5ec56375422aee02f9cb5f909b3047/jsonschema-4.26.0.tar.gz", hash = "sha256:0c26707e2efad8aa1bfc5b7ce170f3fccc2e4918ff85989ba9ffa9facb2be326", size = 366583, upload-time = "2026-01-07T13:41:07.246Z" }
wheels = [
    { url = "https://files.pythonhosted.org/packages/69/90/f63fb5873511e014207a475e2bb4e8b2e570d655b00ac19a9a0ca0a385ee/jsonschema-4.26.0-py3-none-any.whl", hash = "sha256:d489f15263b8d200f8387e64b4c3a75f06629559fb73deb8fdfb525f2dab50ce", size = 90630, upload-time = "2026-01-07T13:41:05.306Z" },
]

[[package]]
name = "jsonschema-specifications"
version = "2025.9.1"
source = { registry = "https://pypi.org/simple" }
dependencies = [
    { name = "referencing" },
]
sdist = { url = "https://files.pythonhosted.org/packages/19/74/a633ee74eb36c44aa6d1095e7cc5569bebf04342ee146178e2d36600708b/jsonschema_specifications-2025.9.1.tar.gz", hash = "sha256:b540987f239e745613c7a9176f3edb72b832a4ac465cf02712288397832b5e8d", size = 32855, upload-time = "2025-09-08T01:34:59.186Z" }
wheels = [
    { url = "https://files.pythonhosted.org/packages/41/45/1a4ed80516f02155c51f51e8cedb3c1902296743db0bbc66608a0db2814f/jsonschema_specifications-2025.9.1-py3-none-any.whl", hash = "sha256:98802fee3a11ee76ecaca44429fda8a41bff98b00a0f2838151b113f210cc6fe", size = 18437, upload-time = "2025-09-08T01:34:57.871Z" },
]

[[package]]
name = "lizard"
version = "1.23.0"
source = { registry = "https://pypi.org/simple" }
dependencies = [
    { name = "pathspec" },
    { name = "pygments" },
]
sdist = { url = "https://files.pythonhosted.org/packages/5b/94/4967d0868e7db39a72fa2dbef9a798c4d661178f3836bfec58091606f0f3/lizard-1.23.0.tar.gz", hash = "sha256:ed75cd45f086a2f51d6be64b0149b71bda820f92f95e30898254528bb949f795", size = 92659, upload-time = "2026-06-02T06:17:27.383Z" }
wheels = [
    { url = "https://files.pythonhosted.org/packages/3b/d9/25e62cbb9c4077a2dabc73e5f34dc947887f4fe1526f53d2c0489abfc186/lizard-1.23.0-py2.py3-none-any.whl", hash = "sha256:e9111e35c8a5f2e00d55cab318fca3504622991417411ea16cf46874fb752f42", size = 100830, upload-time = "2026-06-02T06:17:26.076Z" },
]

[[package]]
name = "nxp-cup"
version = "1.0.0"
source = { virtual = "." }

[package.dev-dependencies]
dev = [
    { name = "lizard" },
    { name = "openpyxl" },
    { name = "pylink-square" },
    { name = "pymupdf" },
    { name = "pytest" },
    { name = "wn-dev-std" },
]

[package.metadata]

[package.metadata.requires-dev]
dev = [
    { name = "lizard", specifier = ">=1.23.0" },
    { name = "openpyxl", specifier = ">=3.1.5" },
    { name = "pylink-square", specifier = ">=2.0.0" },
    { name = "pymupdf", specifier = ">=1.28.0" },
    { name = "pytest", specifier = ">=8.0" },
    { name = "wn-dev-std", specifier = "==2026.7.18" },
]

[[package]]
name = "openpyxl"
version = "3.1.5"
source = { registry = "https://pypi.org/simple" }
dependencies = [
    { name = "et-xmlfile" },
]
sdist = { url = "https://files.pythonhosted.org/packages/3d/f9/88d94a75de065ea32619465d2f77b29a0469500e99012523b91cc4141cd1/openpyxl-3.1.5.tar.gz", hash = "sha256:cf0e3cf56142039133628b5acffe8ef0c12bc902d2aadd3e0fe5878dc08d1050", size = 186464, upload-time = "2024-06-28T14:03:44.161Z" }
wheels = [
    { url = "https://files.pythonhosted.org/packages/c0/da/977ded879c29cbd04de313843e76868e6e13408a94ed6b987245dc7c8506/openpyxl-3.1.5-py2.py3-none-any.whl", hash = "sha256:5282c12b107bffeef825f4617dc029afaf41d0ea60823bbb665ef3079dc79de2", size = 250910, upload-time = "2024-06-28T14:03:41.161Z" },
]

[[package]]
name = "packaging"
version = "26.2"
source = { registry = "https://pypi.org/simple" }
sdist = { url = "https://files.pythonhosted.org/packages/d7/f1/e7a6dd94a8d4a5626c03e4e99c87f241ba9e350cd9e6d75123f992427270/packaging-26.2.tar.gz", hash = "sha256:ff452ff5a3e828ce110190feff1178bb1f2ea2281fa2075aadb987c2fb221661", size = 228134, upload-time = "2026-04-24T20:15:23.917Z" }
wheels = [
    { url = "https://files.pythonhosted.org/packages/df/b2/87e62e8c3e2f4b32e5fe99e0b86d576da1312593b39f47d8ceef365e95ed/packaging-26.2-py3-none-any.whl", hash = "sha256:5fc45236b9446107ff2415ce77c807cee2862cb6fac22b8a73826d0693b0980e", size = 100195, upload-time = "2026-04-24T20:15:22.081Z" },
]

[[package]]
name = "pathspec"
version = "1.1.1"
source = { registry = "https://pypi.org/simple" }
sdist = { url = "https://files.pythonhosted.org/packages/5a/82/42f767fc1c1143d6fd36efb827202a2d997a375e160a71eb2888a925aac1/pathspec-1.1.1.tar.gz", hash = "sha256:17db5ecd524104a120e173814c90367a96a98d07c45b2e10c2f3919fff91bf5a", size = 135180, upload-time = "2026-04-27T01:46:08.907Z" }
wheels = [
    { url = "https://files.pythonhosted.org/packages/f1/d9/7fb5aa316bc299258e68c73ba3bddbc499654a07f151cba08f6153988714/pathspec-1.1.1-py3-none-any.whl", hash = "sha256:a00ce642f577bf7f473932318056212bc4f8bfdf53128c78bbd5af0b9b20b189", size = 57328, upload-time = "2026-04-27T01:46:07.06Z" },
]

[[package]]
name = "pluggy"
version = "1.6.0"
source = { registry = "https://pypi.org/simple" }
sdist = { url = "https://files.pythonhosted.org/packages/f9/e2/3e91f31a7d2b083fe6ef3fa267035b518369d9511ffab804f839851d2779/pluggy-1.6.0.tar.gz", hash = "sha256:7dcc130b76258d33b90f61b658791dede3486c3e6bfb003ee5c9bfb396dd22f3", size = 69412, upload-time = "2025-05-15T12:30:07.975Z" }
wheels = [
    { url = "https://files.pythonhosted.org/packages/54/20/4d324d65cc6d9205fabedc306948156824eb9f0ee1633355a8f7ec5c66bf/pluggy-1.6.0-py3-none-any.whl", hash = "sha256:e920276dd6813095e9377c0bc5566d94c932c33b27a3e3945d8389c374dd4746", size = 20538, upload-time = "2025-05-15T12:30:06.134Z" },
]

[[package]]
name = "psutil"
version = "7.2.2"
source = { registry = "https://pypi.org/simple" }
sdist = { url = "https://files.pythonhosted.org/packages/aa/c6/d1ddf4abb55e93cebc4f2ed8b5d6dbad109ecb8d63748dd2b20ab5e57ebe/psutil-7.2.2.tar.gz", hash = "sha256:0746f5f8d406af344fd547f1c8daa5f5c33dbc293bb8d6a16d80b4bb88f59372", size = 493740, upload-time = "2026-01-28T18:14:54.428Z" }
wheels = [
    { url = "https://files.pythonhosted.org/packages/e7/36/5ee6e05c9bd427237b11b3937ad82bb8ad2752d72c6969314590dd0c2f6e/psutil-7.2.2-cp36-abi3-macosx_10_9_x86_64.whl", hash = "sha256:ed0cace939114f62738d808fdcecd4c869222507e266e574799e9c0faa17d486", size = 129090, upload-time = "2026-01-28T18:15:22.168Z" },
    { url = "https://files.pythonhosted.org/packages/80/c4/f5af4c1ca8c1eeb2e92ccca14ce8effdeec651d5ab6053c589b074eda6e1/psutil-7.2.2-cp36-abi3-macosx_11_0_arm64.whl", hash = "sha256:1a7b04c10f32cc88ab39cbf606e117fd74721c831c98a27dc04578deb0c16979", size = 129859, upload-time = "2026-01-28T18:15:23.795Z" },
    { url = "https://files.pythonhosted.org/packages/b5/70/5d8df3b09e25bce090399cf48e452d25c935ab72dad19406c77f4e828045/psutil-7.2.2-cp36-abi3-manylinux2010_x86_64.manylinux_2_12_x86_64.manylinux_2_28_x86_64.whl", hash = "sha256:076a2d2f923fd4821644f5ba89f059523da90dc9014e85f8e45a5774ca5bc6f9", size = 155560, upload-time = "2026-01-28T18:15:25.976Z" },
    { url = "https://files.pythonhosted.org/packages/63/65/37648c0c158dc222aba51c089eb3bdfa238e621674dc42d48706e639204f/psutil-7.2.2-cp36-abi3-manylinux2014_aarch64.manylinux_2_17_aarch64.manylinux_2_28_aarch64.whl", hash = "sha256:b0726cecd84f9474419d67252add4ac0cd9811b04d61123054b9fb6f57df6e9e", size = 156997, upload-time = "2026-01-28T18:15:27.794Z" },
    { url = "https://files.pythonhosted.org/packages/8e/13/125093eadae863ce03c6ffdbae9929430d116a246ef69866dad94da3bfbc/psutil-7.2.2-cp36-abi3-musllinux_1_2_aarch64.whl", hash = "sha256:fd04ef36b4a6d599bbdb225dd1d3f51e00105f6d48a28f006da7f9822f2606d8", size = 148972, upload-time = "2026-01-28T18:15:29.342Z" },
    { url = "https://files.pythonhosted.org/packages/04/78/0acd37ca84ce3ddffaa92ef0f571e073faa6d8ff1f0559ab1272188ea2be/psutil-7.2.2-cp36-abi3-musllinux_1_2_x86_64.whl", hash = "sha256:b58fabe35e80b264a4e3bb23e6b96f9e45a3df7fb7eed419ac0e5947c61e47cc", size = 148266, upload-time = "2026-01-28T18:15:31.597Z" },
    { url = "https://files.pythonhosted.org/packages/b4/90/e2159492b5426be0c1fef7acba807a03511f97c5f86b3caeda6ad92351a7/psutil-7.2.2-cp37-abi3-win_amd64.whl", hash = "sha256:eb7e81434c8d223ec4a219b5fc1c47d0417b12be7ea866e24fb5ad6e84b3d988", size = 137737, upload-time = "2026-01-28T18:15:33.849Z" },
    { url = "https://files.pythonhosted.org/packages/8c/c7/7bb2e321574b10df20cbde462a94e2b71d05f9bbda251ef27d104668306a/psutil-7.2.2-cp37-abi3-win_arm64.whl", hash = "sha256:8c233660f575a5a89e6d4cb65d9f938126312bca76d8fe087b947b3a1aaac9ee", size = 134617, upload-time = "2026-01-28T18:15:36.514Z" },
]

[[package]]
name = "pygments"
version = "2.20.0"
source = { registry = "https://pypi.org/simple" }
sdist = { url = "https://files.pythonhosted.org/packages/c3/b2/bc9c9196916376152d655522fdcebac55e66de6603a76a02bca1b6414f6c/pygments-2.20.0.tar.gz", hash = "sha256:6757cd03768053ff99f3039c1a36d6c0aa0b263438fcab17520b30a303a82b5f", size = 4955991, upload-time = "2026-03-29T13:29:33.898Z" }
wheels = [
    { url = "https://files.pythonhosted.org/packages/f4/7e/a72dd26f3b0f4f2bf1dd8923c85f7ceb43172af56d63c7383eb62b332364/pygments-2.20.0-py3-none-any.whl", hash = "sha256:81a9e26dd42fd28a23a2d169d86d7ac03b46e2f8b59ed4698fb4785f946d0176", size = 1231151, upload-time = "2026-03-29T13:29:30.038Z" },
]

[[package]]
name = "pylink-square"
version = "2.0.1"
source = { registry = "https://pypi.org/simple" }
dependencies = [
    { name = "psutil" },
    { name = "six" },
]
sdist = { url = "https://files.pythonhosted.org/packages/25/ff/526cbc6c97110a8307a0c3ecdedcf6d01e440b185be3e1b44dc8113baae9/pylink_square-2.0.1.tar.gz", hash = "sha256:e1608498359bf90ce00d1a6ed5f177e3d609136f56b0c3ec507bf3ffe1042768", size = 173726, upload-time = "2026-03-04T16:21:43.531Z" }
wheels = [
    { url = "https://files.pythonhosted.org/packages/d3/33/5c0a40790654d6dcefdc34831b5715880a2e95fccf591e2754056bbaa2e1/pylink_square-2.0.1-py3-none-any.whl", hash = "sha256:39af72e737a3ceff5d80fa7ae89aa2aef18b13578f26e18141699b0bb26a8d78", size = 86924, upload-time = "2026-03-04T16:21:42.217Z" },
]

[[package]]
name = "pymupdf"
version = "1.28.0"
source = { registry = "https://pypi.org/simple" }
sdist = { url = "https://files.pythonhosted.org/packages/8e/e9/6d6c5d6c0a3551bffd47681a6240caf941727f195b45593cf20ab36f018f/pymupdf-1.28.0.tar.gz", hash = "sha256:e53f3567403a92da15caa9e7ae0164327fff48817e9f40175367fb9de524258d", size = 87637751, upload-time = "2026-06-29T09:08:47.547Z" }
wheels = [
    { url = "https://files.pythonhosted.org/packages/c8/b7/88043e38cc7529de070f0c9bd267fa258035cca0b4ad5260536b994594a7/pymupdf-1.28.0-cp310-abi3-macosx_10_15_x86_64.whl", hash = "sha256:892b89ba88e8f98b53133b62877a9dc9b5e7dc6a4aeb837b612db56a8d2e03ac", size = 24597385, upload-time = "2026-06-29T09:03:30.608Z" },
    { url = "https://files.pythonhosted.org/packages/33/f4/23775bbda0781b61fc398cc75079a2b0e64696d8fcf93271748883e9627e/pymupdf-1.28.0-cp310-abi3-macosx_11_0_arm64.whl", hash = "sha256:4d692dcf44d3566ae96bc6f6346c6ad432274a29ba617bf7a9fe18009e24adb4", size = 23828292, upload-time = "2026-06-29T09:03:46.129Z" },
    { url = "https://files.pythonhosted.org/packages/1c/f5/bf75fc7a415722f8b33662054f82d88520c0cbfd4c36d0e08aeaec605e49/pymupdf-1.28.0-cp310-abi3-manylinux_2_28_aarch64.whl", hash = "sha256:47a5c29ed4eb0744de9c4e37bb49b1259b18d4d75fcc8a7c130f7c9fa15956f6", size = 25045507, upload-time = "2026-06-29T09:04:03.86Z" },
    { url = "https://files.pythonhosted.org/packages/58/69/5d12c9f1f2d76f28383d6110a069c79fbfced5a4f97bb1ee6e8354f52bb7/pymupdf-1.28.0-cp310-abi3-manylinux_2_28_x86_64.whl", hash = "sha256:44f0973f5e5edbaec95bc34b64e71d1959d4ee90b1328de1b4f4f5b4fa78673f", size = 25716599, upload-time = "2026-06-29T09:04:19.367Z" },
    { url = "https://files.pythonhosted.org/packages/4d/b4/ec0e017bc42857cc86bd651441dbc41cc18be48d4698ecd27aac491e0c9a/pymupdf-1.28.0-cp310-abi3-musllinux_1_2_x86_64.whl", hash = "sha256:4d61ec323a706e153a12e262e51febfb43eeaa20977785ace135d18d48bcdc83", size = 25940489, upload-time = "2026-06-29T09:04:36.624Z" },
    { url = "https://files.pythonhosted.org/packages/06/86/f831fef09013f33b3c9c09fb3923f2ff53e1e437f6ace14b8ae46392f558/pymupdf-1.28.0-cp310-abi3-win32.whl", hash = "sha256:caea2b3b67347fd79e5d15ed7929b0e886aac594ea228073b6d39de0078189da", size = 18489703, upload-time = "2026-06-29T20:50:30.599Z" },
    { url = "https://files.pythonhosted.org/packages/2e/5d/1a03f53eb0449900469335fcfc742ca28e3ba159b7d650e0921d50b8b308/pymupdf-1.28.0-cp310-abi3-win_amd64.whl", hash = "sha256:e01e90fd86abfeb37ceb921eddb951f988a11d45ff6ce6b7664f2039849068ec", size = 19773102, upload-time = "2026-06-29T09:04:49.773Z" },
    { url = "https://files.pythonhosted.org/packages/72/f6/1e52ce243ca792254f6223b4017c5667194c146ce9b88baf37bc5eb3d1c9/pymupdf-1.28.0-cp313-abi3-pyemscripten_2025_0_wasm32.whl", hash = "sha256:74c6d00ba2a9aad3a635db73b07c15db462b480741d831a34a75a56535ebc22b", size = 18357011, upload-time = "2026-06-29T20:50:50.353Z" },
]

[[package]]
name = "pytest"
version = "9.1.1"
source = { registry = "https://pypi.org/simple" }
dependencies = [
    { name = "colorama", marker = "sys_platform == 'win32'" },
    { name = "iniconfig" },
    { name = "packaging" },
    { name = "pluggy" },
    { name = "pygments" },
]
sdist = { url = "https://files.pythonhosted.org/packages/e4/47/b9efed96c114afcfa3c9d3fe98a76a1d14c74a9e266d397cf6eb64be5e01/pytest-9.1.1.tar.gz", hash = "sha256:1088fbde8f2b49d95a549a195707afa7a76a3ce9bcadc26b6d71f0ffda5fe313", size = 1636369, upload-time = "2026-06-19T10:58:32.857Z" }
wheels = [
    { url = "https://files.pythonhosted.org/packages/24/25/1de2678b631f5a49215c6c96fff41ba892b0a34df68d6d80292b1b48aa7f/pytest-9.1.1-py3-none-any.whl", hash = "sha256:37a86b45efb9a47a61a36449063e8e18d0cab3161329fc099eb21783169c4f0c", size = 386536, upload-time = "2026-06-19T10:58:31.347Z" },
]

[[package]]
name = "pytest-json-report"
version = "1.5.0"
source = { registry = "https://pypi.org/simple" }
dependencies = [
    { name = "pytest" },
    { name = "pytest-metadata" },
]
sdist = { url = "https://files.pythonhosted.org/packages/4f/d3/765dae9712fcd68d820338908c1337e077d5fdadccd5cacf95b9b0bea278/pytest-json-report-1.5.0.tar.gz", hash = "sha256:2dde3c647851a19b5f3700729e8310a6e66efb2077d674f27ddea3d34dc615de", size = 21241, upload-time = "2022-03-15T21:03:10.2Z" }
wheels = [
    { url = "https://files.pythonhosted.org/packages/81/35/d07400c715bf8a88aa0c1ee9c9eb6050ca7fe5b39981f0eea773feeb0681/pytest_json_report-1.5.0-py3-none-any.whl", hash = "sha256:9897b68c910b12a2e48dd849f9a284b2c79a732a8a9cb398452ddd23d3c8c325", size = 13222, upload-time = "2022-03-15T21:03:08.65Z" },
]

[[package]]
name = "pytest-metadata"
version = "3.1.1"
source = { registry = "https://pypi.org/simple" }
dependencies = [
    { name = "pytest" },
]
sdist = { url = "https://files.pythonhosted.org/packages/a6/85/8c969f8bec4e559f8f2b958a15229a35495f5b4ce499f6b865eac54b878d/pytest_metadata-3.1.1.tar.gz", hash = "sha256:d2a29b0355fbc03f168aa96d41ff88b1a3b44a3b02acbe491801c98a048017c8", size = 9952, upload-time = "2024-02-12T19:38:44.887Z" }
wheels = [
    { url = "https://files.pythonhosted.org/packages/3e/43/7e7b2ec865caa92f67b8f0e9231a798d102724ca4c0e1f414316be1c1ef2/pytest_metadata-3.1.1-py3-none-any.whl", hash = "sha256:c8e0844db684ee1c798cfa38908d20d67d0463ecb6137c72e91f418558dd5f4b", size = 11428, upload-time = "2024-02-12T19:38:42.531Z" },
]

[[package]]
name = "referencing"
version = "0.37.0"
source = { registry = "https://pypi.org/simple" }
dependencies = [
    { name = "attrs" },
    { name = "rpds-py" },
    { name = "typing-extensions" },
]
sdist = { url = "https://files.pythonhosted.org/packages/22/f5/df4e9027acead3ecc63e50fe1e36aca1523e1719559c499951bb4b53188f/referencing-0.37.0.tar.gz", hash = "sha256:44aefc3142c5b842538163acb373e24cce6632bd54bdb01b21ad5863489f50d8", size = 78036, upload-time = "2025-10-13T15:30:48.871Z" }
wheels = [
    { url = "https://files.pythonhosted.org/packages/2c/58/ca301544e1fa93ed4f80d724bf5b194f6e4b945841c5bfd555878eea9fcb/referencing-0.37.0-py3-none-any.whl", hash = "sha256:381329a9f99628c9069361716891d34ad94af76e461dcb0335825aecc7692231", size = 26766, upload-time = "2025-10-13T15:30:47.625Z" },
]

[[package]]
name = "rpds-py"
version = "2026.6.3"
source = { registry = "https://pypi.org/simple" }
sdist = { url = "https://files.pythonhosted.org/packages/aa/2a/9618a122aeb2a169a28b03889a2995fe297588964333d4a7d67bdf46e147/rpds_py-2026.6.3.tar.gz", hash = "sha256:1cebd1337c242e4ec2293e541f712b2da849b29f48f0c293684b71c0632625d4", size = 64051, upload-time = "2026-06-30T07:17:53.009Z" }
wheels = [
    { url = "https://files.pythonhosted.org/packages/5c/be/2e8974163072e7bab7df1a5acd54c4498e75e35d6d18b864d3a9d5dadc92/rpds_py-2026.6.3-cp312-cp312-macosx_10_12_x86_64.whl", hash = "sha256:a0811d33247c3d6128a3001d763f2aa056bb3425204335400ac54f89eec3a0d0", size = 343691, upload-time = "2026-06-30T07:15:14.96Z" },
    { url = "https://files.pythonhosted.org/packages/a4/73/319dfa745dd668efe89309141ded489126461fcecd2b8f3a3cda185129b6/rpds_py-2026.6.3-cp312-cp312-macosx_11_0_arm64.whl", hash = "sha256:538949e262e46caa31ac01bdb3c1e8f642622922cacbabbae6a8445d9dc33eaf", size = 338542, upload-time = "2026-06-30T07:15:16.267Z" },
    { url = "https://files.pythonhosted.org/packages/21/63/4239893be1c4d09b709b1a8f6be4188f0870084ff547f46606b8a75f1b03/rpds_py-2026.6.3-cp312-cp312-manylinux_2_17_aarch64.manylinux2014_aarch64.whl", hash = "sha256:55927d532399c2c646100ff7feb48eaa940ad70f42cd68e1328f3ded9f81ca24", size = 368180, upload-time = "2026-06-30T07:15:17.62Z" },
    { url = "https://files.pythonhosted.org/packages/1c/ca/9c5de382225234ceb37b1844ebdb140db12b2a278bb9efe2fcd19f6c82ce/rpds_py-2026.6.3-cp312-cp312-manylinux_2_17_armv7l.manylinux2014_armv7l.whl", hash = "sha256:f56f1695bc5c0871cbc33dc0130fcf503aab0c57dcc5a6700a4f49eba4f2652e", size = 375067, upload-time = "2026-06-30T07:15:18.952Z" },
    { url = "https://files.pythonhosted.org/packages/87/dc/863f69d1bf04ade34b7fe0d59b9fdf6f0135fe2d7cbca74f1d665589559d/rpds_py-2026.6.3-cp312-cp312-manylinux_2_17_ppc64le.manylinux2014_ppc64le.whl", hash = "sha256:270b293dae9058fc9fcedab50f13cebf46fb8ed1d1d54e0521a9da5d6b211975", size = 490509, upload-time = "2026-06-30T07:15:20.434Z" },
    { url = "https://files.pythonhosted.org/packages/ce/ef/eac16a12048b45ec7c7fa94f2be3438a5f26bf9cc8580b18a1cfd609b7f6/rpds_py-2026.6.3-cp312-cp312-manylinux_2_17_s390x.manylinux2014_s390x.whl", hash = "sha256:127565fead0a10943b282957bd5447804ff3160ad79f2ad2635e6d249e380680", size = 382754, upload-time = "2026-06-30T07:15:21.831Z" },
    { url = "https://files.pythonhosted.org/packages/04/8f/d2f3f532616be4d06c316ef119683e832bd3d41e112bf3a88f4151c95b17/rpds_py-2026.6.3-cp312-cp312-manylinux_2_17_x86_64.manylinux2014_x86_64.whl", hash = "sha256:ecabd69db66de867690f9797f2f8fa27ba501bbc24540cbdbdc649cd15888ba6", size = 366189, upload-time = "2026-06-30T07:15:23.371Z" },
    { url = "https://files.pythonhosted.org/packages/e3/29/41a7b0e98a4b44cd676ab7598419623373eb43b20be68c084935c1a8cf88/rpds_py-2026.6.3-cp312-cp312-manylinux_2_31_riscv64.whl", hash = "sha256:58eadac9cd119677b60e1cf8ac4052f35949d71b8a9e5556efccbe82533cf22a", size = 377750, upload-time = "2026-06-30T07:15:24.659Z" },
    { url = "https://files.pythonhosted.org/packages/2e/05/ecda0bec46f9a1565090bcdc941d023f6a25aff85fda28f89f8d19878152/rpds_py-2026.6.3-cp312-cp312-manylinux_2_5_i686.manylinux1_i686.whl", hash = "sha256:7491ee23305ac3eb59e492b6945881f5cd77a6f731061a3f25b77fd40f9e99a4", size = 395576, upload-time = "2026-06-30T07:15:25.987Z" },
    { url = "https://files.pythonhosted.org/packages/68/a8/6ed52f03ee6cb854ce78785cc9a9a672eb880e83fd7224d471f667d151f1/rpds_py-2026.6.3-cp312-cp312-musllinux_1_2_aarch64.whl", hash = "sha256:2c99f7e8ccb3dd6e3e4bfeac657a7b208c9bac8075f4b078c02d7404c34107fa", size = 543807, upload-time = "2026-06-30T07:15:27.356Z" },
    { url = "https://files.pythonhosted.org/packages/8f/d6/156c0d3eea27ba09b92562ba2364ba124c0a061b199e17eac637cd25a5e2/rpds_py-2026.6.3-cp312-cp312-musllinux_1_2_i686.whl", hash = "sha256:62698275682bf121181861295c9181e789030a2d516071f5b8f3c23c170cd0fc", size = 611187, upload-time = "2026-06-30T07:15:28.931Z" },
    { url = "https://files.pythonhosted.org/packages/f1/31/774212ed989c62f7f310220089f9b0a3fb8f40f5443d1727abd5d9f52bc9/rpds_py-2026.6.3-cp312-cp312-musllinux_1_2_x86_64.whl", hash = "sha256:a214c993455f99a89aaeadc9b21241900037adc9d97203e374d75513c5911822", size = 573030, upload-time = "2026-06-30T07:15:30.553Z" },
    { url = "https://files.pythonhosted.org/packages/c9/50/22f73127a41f1ce4f87fe39aadfb9a126345801c274aa93ae88456249327/rpds_py-2026.6.3-cp312-cp312-win32.whl", hash = "sha256:501f9f04a588d6a09179368c57071301445191767c64e4b52a6aa9871f1ef5ed", size = 202185, upload-time = "2026-06-30T07:15:32.027Z" },
    { url = "https://files.pythonhosted.org/packages/04/3a/f0ee4d4dde9d3b69dedf1b5f74e7a40017046d55052d173e418c6a94f960/rpds_py-2026.6.3-cp312-cp312-win_amd64.whl", hash = "sha256:2c958bf94822e9290a40aaf2a822d4bc5c88099093e3948ad6c571eca9272e5f", size = 220394, upload-time = "2026-06-30T07:15:33.359Z" },
    { url = "https://files.pythonhosted.org/packages/f3/83/3382fe37f809b59f02aac04dbc4e765b480b46ee0227ed516e3bdc4d3dfc/rpds_py-2026.6.3-cp312-cp312-win_arm64.whl", hash = "sha256:22bffe6042b9bcb0822bcd1955ec00e245daf17b4344e4ed8e9551b976b63e96", size = 215753, upload-time = "2026-06-30T07:15:34.778Z" },
]

[[package]]
name = "six"
version = "1.17.0"
source = { registry = "https://pypi.org/simple" }
sdist = { url = "https://files.pythonhosted.org/packages/94/e7/b2c673351809dca68a0e064b6af791aa332cf192da575fd474ed7d6f16a2/six-1.17.0.tar.gz", hash = "sha256:ff70335d468e7eb6ec65b95b99d3a2836546063f63acc5171de367e834932a81", size = 34031, upload-time = "2024-12-04T17:35:28.174Z" }
wheels = [
    { url = "https://files.pythonhosted.org/packages/b7/ce/149a00dd41f10bc29e5921b496af8b574d8413afcd5e30dfa0ed46c2cc5e/six-1.17.0-py2.py3-none-any.whl", hash = "sha256:4721f391ed90541fddacab5acf947aa0d3dc7d27b2e1e8eda2be8970586c3274", size = 11050, upload-time = "2024-12-04T17:35:26.475Z" },
]

[[package]]
name = "tomli-w"
version = "1.2.0"
source = { registry = "https://pypi.org/simple" }
sdist = { url = "https://files.pythonhosted.org/packages/19/75/241269d1da26b624c0d5e110e8149093c759b7a286138f4efd61a60e75fe/tomli_w-1.2.0.tar.gz", hash = "sha256:2dd14fac5a47c27be9cd4c976af5a12d87fb1f0b4512f81d69cce3b35ae25021", size = 7184, upload-time = "2025-01-15T12:07:24.262Z" }
wheels = [
    { url = "https://files.pythonhosted.org/packages/c7/18/c86eb8e0202e32dd3df50d43d7ff9854f8e0603945ff398974c1d91ac1ef/tomli_w-1.2.0-py3-none-any.whl", hash = "sha256:188306098d013b691fcadc011abd66727d3c414c571bb01b1a174ba8c983cf90", size = 6675, upload-time = "2025-01-15T12:07:22.074Z" },
]

[[package]]
name = "typing-extensions"
version = "4.16.0"
source = { registry = "https://pypi.org/simple" }
sdist = { url = "https://files.pythonhosted.org/packages/f6/cc/6253133b5bb138fc3306cebfbda2c520f545d36b5be2c7255cc528bb45d6/typing_extensions-4.16.0.tar.gz", hash = "sha256:dc983d19a509c94dba722ee6abd33940f7c05a89e243c47e907eb4db6f1a43e5", size = 113555, upload-time = "2026-07-02T08:40:05.92Z" }
wheels = [
    { url = "https://files.pythonhosted.org/packages/49/d3/b8441a820a491ddfc024b0b0cf0393375b75ea13866d9c66727e54c2fc80/typing_extensions-4.16.0-py3-none-any.whl", hash = "sha256:481caa481374e813c1b176ada14e97f1f67a4539ce9cfeb3f350d78d6370c2e8", size = 45571, upload-time = "2026-07-02T08:40:04.659Z" },
]

[[package]]
name = "wn-dev-std"
version = "2026.7.18"
source = { registry = "https://pypi.org/simple" }
dependencies = [
    { name = "jsonschema" },
    { name = "wn-rack" },
]
sdist = { url = "https://files.pythonhosted.org/packages/da/f4/d91ef7c9572dbd4da9161839c131a39e3a553104e78724b299d011a3b4d5/wn_dev_std-2026.7.18.tar.gz", hash = "sha256:ff7bb0f88e77af49dd38d7748d9ddad1df61c20f2fa349cb8be4887aa6fe4392", size = 246661, upload-time = "2026-07-19T02:13:47.998Z" }
wheels = [
    { url = "https://files.pythonhosted.org/packages/19/a4/baa526ba2aed3fd15fc9c4bae35c0123b2d5192b18f607ed9ad191823cbe/wn_dev_std-2026.7.18-py3-none-any.whl", hash = "sha256:d9edfb060f1503e2ee2d74fb1756986722e303c44f49a7f8c7cd86fa20132c16", size = 160368, upload-time = "2026-07-19T02:13:46.649Z" },
]

[[package]]
name = "wn-rack"
version = "2026.7.16"
source = { registry = "https://pypi.org/simple" }
dependencies = [
    { name = "pytest" },
    { name = "pytest-json-report" },
    { name = "tomli-w" },
]
sdist = { url = "https://files.pythonhosted.org/packages/f6/98/5ebb6c678b2668c68ce22a94acdb86994349510b6f9c52b053e481759f1c/wn_rack-2026.7.16.tar.gz", hash = "sha256:282dd1032088a2178ccc413b9a4dfaf25cf11f1edf2fc19f4487dcde3b75beb7", size = 70052, upload-time = "2026-07-16T15:23:01.289Z" }
wheels = [
    { url = "https://files.pythonhosted.org/packages/dc/ed/87f1533ebd4e8735336191af352547e9d69c9b599e0eb4d9143f6c821c0f/wn_rack-2026.7.16-py3-none-any.whl", hash = "sha256:b785450c16d13762bc02ce3ea518d44343b120dd08aba26b0f560412ee0fd2b6", size = 49784, upload-time = "2026-07-16T15:22:59.959Z" },
]
